
Microsoft Visual Studio Solution File, Format Version 12.00
# Visual Studio Version 16
VisualStudioVersion = 16.0.29230.47
MinimumVisualStudioVersion = 10.0.40219.1
Project("{FAE04EC0-301F-11D3-BF4B-00C04F79EFBC}") = "srevels1e1", "WindowsFormsApp1\srevels1e1.csproj", "{9F22EC00-6D1D-4F6C-9853-3C8E62E1CB8F}"
EndProject
Project("{FAE04EC0-301F-11D3-BF4B-00C04F79EFBC}") = "srevels1f1", "srevels 1f1\srevels1f1.csproj", "{1068DBCC-14D4-4FE2-ABEA-A41D9D7A2226}"
EndProject
Project("{FAE04EC0-301F-11D3-BF4B-00C04F79EFBC}") = "srevels1g1", "srevels 1g1\srevels1g1.csproj", "{71814A58-04A7-44AC-AB42-9B1F0214E70A}"
EndProject
Project("{FAE04EC0-301F-11D3-BF4B-00C04F79EFBC}") = "srevels2a1", "srevels 2a\srevels2a1.csproj", "{0748CFDC-11E5-445D-9883-148DC84DE320}"
EndProject
Project("{FAE04EC0-301F-11D3-BF4B-00C04F79EFBC}") = "srevels2b1", "srevels 2B1\srevels2b1.csproj", "{3730C8D0-3940-4858-B1EF-27A772449928}"
EndProject
Global
	GlobalSection(SolutionConfigurationPlatforms) = preSolution
		Debug|Any CPU = Debug|Any CPU
		Release|Any CPU = Release|Any CPU
	EndGlobalSection
	GlobalSection(ProjectConfigurationPlatforms) = postSolution
		{9F22EC00-6D1D-4F6C-9853-3C8E62E1CB8F}.Debug|Any CPU.ActiveCfg = Debug|Any CPU
		{9F22EC00-6D1D-4F6C-9853-3C8E62E1CB8F}.Debug|Any CPU.Build.0 = Debug|Any CPU
		{9F22EC00-6D1D-4F6C-9853-3C8E62E1CB8F}.Release|Any CPU.ActiveCfg = Release|Any CPU
		{9F22EC00-6D1D-4F6C-9853-3C8E62E1CB8F}.Release|Any CPU.Build.0 = Release|Any CPU
		{1068DBCC-14D4-4FE2-ABEA-A41D9D7A2226}.Debug|Any CPU.ActiveCfg = Debug|Any CPU
		{1068DBCC-14D4-4FE2-ABEA-A41D9D7A2226}.Debug|Any CPU.Build.0 = Debug|Any CPU
		{1068DBCC-14D4-4FE2-ABEA-A41D9D7A2226}.Release|Any CPU.ActiveCfg = Release|Any CPU
		{1068DBCC-14D4-4FE2-ABEA-A41D9D7A2226}.Release|Any CPU.Build.0 = Release|Any CPU
		{71814A58-04A7-44AC-AB42-9B1F0214E70A}.Debug|Any CPU.ActiveCfg = Debug|Any CPU
		{71814A58-04A7-44AC-AB42-9B1F0214E70A}.Debug|Any CPU.Build.0 = Debug|Any CPU
		{71814A58-04A7-44AC-AB42-9B1F0214E70A}.Release|Any CPU.ActiveCfg = Release|Any CPU
		{71814A58-04A7-44AC-AB42-9B1F0214E70A}.Release|Any CPU.Build.0 = Release|Any CPU
		{0748CFDC-11E5-445D-9883-148DC84DE320}.Debug|Any CPU.ActiveCfg = Debug|Any CPU
		{0748CFDC-11E5-445D-9883-148DC84DE320}.Debug|Any CPU.Build.0 = Debug|Any CPU
		{0748CFDC-11E5-445D-9883-148DC84DE320}.Release|Any CPU.ActiveCfg = Release|Any CPU
		{0748CFDC-11E5-445D-9883-148DC84DE320}.Release|Any CPU.Build.0 = Release|Any CPU
		{3730C8D0-3940-4858-B1EF-27A772449928}.Debug|Any CPU.ActiveCfg = Debug|Any CPU
		{3730C8D0-3940-4858-B1EF-27A772449928}.Debug|Any CPU.Build.0 = Debug|Any CPU
		{3730C8D0-3940-4858-B1EF-27A772449928}.Release|Any CPU.ActiveCfg = Release|Any CPU
		{3730C8D0-3940-4858-B1EF-27A772449928}.Release|Any CPU.Build.0 = Release|Any CPU
	EndGlobalSection
	GlobalSection(SolutionProperties) = preSolution
		HideSolutionNode = FALSE
	EndGlobalSection
	GlobalSection(ExtensibilityGlobals) = postSolution
		SolutionGuid = {E86A8C63-5383-4B36-A166-F02DECF24BAB}
	EndGlobalSection
EndGlobal
